
Microsoft Visual Studio Solution File, Format Version 12.00
# Visual Studio Version 17
VisualStudioVersion = 17.9.34622.214
MinimumVisualStudioVersion = 10.0.40219.1
Project("{FAE04EC0-301F-11D3-BF4B-00C04F79EFBC}") = "CinemaVillage", "CinemaVillage.csproj", "{73582F60-3F05-4F13-8021-B21FC9836425}"
EndProject
Global
	GlobalSection(SolutionConfigurationPlatforms) = preSolution
		Debug|Any CPU = Debug|Any CPU
		Release|Any CPU = Release|Any CPU
	EndGlobalSection
	GlobalSection(ProjectConfigurationPlatforms) = postSolution
		{73582F60-3F05-4F13-8021-B21FC9836425}.Debug|Any CPU.ActiveCfg = Debug|Any CPU
		{73582F60-3F05-4F13-8021-B21FC9836425}.Debug|Any CPU.Build.0 = Debug|Any CPU
		{73582F60-3F05-4F13-8021-B21FC9836425}.Release|Any CPU.ActiveCfg = Release|Any CPU
		{73582F60-3F05-4F13-8021-B21FC9836425}.Release|Any CPU.Build.0 = Release|Any CPU
	EndGlobalSection
	GlobalSection(SolutionProperties) = preSolution
		HideSolutionNode = FALSE
	EndGlobalSection
	GlobalSection(ExtensibilityGlobals) = postSolution
		SolutionGuid = {6EC4AB09-F596-429B-ABA4-B323C86FAF18}
	EndGlobalSection
EndGlobal
